
Microsoft Visual Studio Solution File, Format Version 12.00
# Visual Studio Version 17
VisualStudioVersion = 17.10.35013.160
MinimumVisualStudioVersion = 10.0.40219.1
Project("{FAE04EC0-301F-11D3-BF4B-00C04F79EFBC}") = "VoiceMemo.Server", "VoiceMemo.Server\VoiceMemo.Server.csproj", "{81C30161-EDC7-412F-AB2F-51E66C15BB6B}"
EndProject
Project("{54A90642-561A-4BB1-A94E-469ADEE60C69}") = "voicememo.client", "voicememo.client\voicememo.client.esproj", "{9F8B94E8-EBB0-422B-A559-B1EE8C353A7D}"
EndProject
Global
	GlobalSection(SolutionConfigurationPlatforms) = preSolution
		Debug|Any CPU = Debug|Any CPU
		Release|Any CPU = Release|Any CPU
	EndGlobalSection
	GlobalSection(ProjectConfigurationPlatforms) = postSolution
		{81C30161-EDC7-412F-AB2F-51E66C15BB6B}.Debug|Any CPU.ActiveCfg = Debug|Any CPU
		{81C30161-EDC7-412F-AB2F-51E66C15BB6B}.Debug|Any CPU.Build.0 = Debug|Any CPU
		{81C30161-EDC7-412F-AB2F-51E66C15BB6B}.Release|Any CPU.ActiveCfg = Release|Any CPU
		{81C30161-EDC7-412F-AB2F-51E66C15BB6B}.Release|Any CPU.Build.0 = Release|Any CPU
		{9F8B94E8-EBB0-422B-A559-B1EE8C353A7D}.Debug|Any CPU.ActiveCfg = Debug|Any CPU
		{9F8B94E8-EBB0-422B-A559-B1EE8C353A7D}.Debug|Any CPU.Build.0 = Debug|Any CPU
		{9F8B94E8-EBB0-422B-A559-B1EE8C353A7D}.Debug|Any CPU.Deploy.0 = Debug|Any CPU
		{9F8B94E8-EBB0-422B-A559-B1EE8C353A7D}.Release|Any CPU.ActiveCfg = Release|Any CPU
		{9F8B94E8-EBB0-422B-A559-B1EE8C353A7D}.Release|Any CPU.Build.0 = Release|Any CPU
		{9F8B94E8-EBB0-422B-A559-B1EE8C353A7D}.Release|Any CPU.Deploy.0 = Release|Any CPU
	EndGlobalSection
	GlobalSection(SolutionProperties) = preSolution
		HideSolutionNode = FALSE
	EndGlobalSection
	GlobalSection(ExtensibilityGlobals) = postSolution
		SolutionGuid = {4124268A-F064-403F-903D-7460093CF30D}
	EndGlobalSection
EndGlobal
